// !$*UTF8*$!
{
	archiveVersion = 1;
	classes = {
	};
	objectVersion = 56;
	objects = {

/* Begin PBXBuildFile section */
		F10002FE2A6CEBF300A80220 /* LahView.swift in Sources */ = {isa = PBXBuildFile; fileRef = F10002FD2A6CEBF300A80220 /* LahView.swift */; };
		F10003002A6CEC9A00A80220 /* LehView.swift in Sources */ = {isa = PBXBuildFile; fileRef = F10002FF2A6CEC9A00A80220 /* LehView.swift */; };
		F10003022A6CED5C00A80220 /* OtherCommonsView.swift in Sources */ = {isa = PBXBuildFile; fileRef = F10003012A6CED5C00A80220 /* OtherCommonsView.swift */; };
		F100030B2A6D086B00A80220 /* BasicMalayWordsDatabase.swift in Sources */ = {isa = PBXBuildFile; fileRef = F100030A2A6D086B00A80220 /* BasicMalayWordsDatabase.swift */; };
		F100030E2A6D10A300A80220 /* OmissionsView.swift in Sources */ = {isa = PBXBuildFile; fileRef = F100030D2A6D10A300A80220 /* OmissionsView.swift */; };
		F10003112A6D183A00A80220 /* PronunciationView.swift in Sources */ = {isa = PBXBuildFile; fileRef = F10003102A6D183A00A80220 /* PronunciationView.swift */; };
		F10003132A6D187600A80220 /* PronunciationWordsDatabase.swift in Sources */ = {isa = PBXBuildFile; fileRef = F10003122A6D187600A80220 /* PronunciationWordsDatabase.swift */; };
		F14025BE2A6B71B6005BAF7D /* SinglishApp.swift in Sources */ = {isa = PBXBuildFile; fileRef = F14025BD2A6B71B6005BAF7D /* SinglishApp.swift */; };
		F14025C02A6B71B6005BAF7D /* ContentView.swift in Sources */ = {isa = PBXBuildFile; fileRef = F14025BF2A6B71B6005BAF7D /* ContentView.swift */; };
		F14025C22A6B71B8005BAF7D /* Assets.xcassets in Resources */ = {isa = PBXBuildFile; fileRef = F14025C12A6B71B8005BAF7D /* Assets.xcassets */; };
		F14025C52A6B71B8005BAF7D /* Preview Assets.xcassets in Resources */ = {isa = PBXBuildFile; fileRef = F14025C42A6B71B8005BAF7D /* Preview Assets.xcassets */; };
		F14025CC2A6B7BD3005BAF7D /* AdView.swift in Sources */ = {isa = PBXBuildFile; fileRef = F14025CB2A6B7BD3005BAF7D /* AdView.swift */; };
		F19D39592A74A2540098A1AA /* Scams.swift in Sources */ = {isa = PBXBuildFile; fileRef = F19D39582A74A2540098A1AA /* Scams.swift */; };
		F1AC4AF82A6B7F130011D7B0 /* MainContentView.swift in Sources */ = {isa = PBXBuildFile; fileRef = F1AC4AF72A6B7F130011D7B0 /* MainContentView.swift */; };
		F1AC4AFA2A6B85420011D7B0 /* LahLehLorView.swift in Sources */ = {isa = PBXBuildFile; fileRef = F1AC4AF92A6B85420011D7B0 /* LahLehLorView.swift */; };
		F1AC4AFC2A6B8AE40011D7B0 /* BasicMalayWords.swift in Sources */ = {isa = PBXBuildFile; fileRef = F1AC4AFB2A6B8AE40011D7B0 /* BasicMalayWords.swift */; };
/* End PBXBuildFile section */

/* Begin PBXFileReference section */
		F10002FD2A6CEBF300A80220 /* LahView.swift */ = {isa = PBXFileReference; lastKnownFileType = sourcecode.swift; path = LahView.swift; sourceTree = "<group>"; };
		F10002FF2A6CEC9A00A80220 /* LehView.swift */ = {isa = PBXFileReference; lastKnownFileType = sourcecode.swift; path = LehView.swift; sourceTree = "<group>"; };
		F10003012A6CED5C00A80220 /* OtherCommonsView.swift */ = {isa = PBXFileReference; lastKnownFileType = sourcecode.swift; path = OtherCommonsView.swift; sourceTree = "<group>"; };
		F100030A2A6D086B00A80220 /* BasicMalayWordsDatabase.swift */ = {isa = PBXFileReference; lastKnownFileType = sourcecode.swift; path = BasicMalayWordsDatabase.swift; sourceTree = "<group>"; };
		F100030D2A6D10A300A80220 /* OmissionsView.swift */ = {isa = PBXFileReference; lastKnownFileType = sourcecode.swift; path = OmissionsView.swift; sourceTree = "<group>"; };
		F10003102A6D183A00A80220 /* PronunciationView.swift */ = {isa = PBXFileReference; lastKnownFileType = sourcecode.swift; path = PronunciationView.swift; sourceTree = "<group>"; };
		F10003122A6D187600A80220 /* PronunciationWordsDatabase.swift */ = {isa = PBXFileReference; lastKnownFileType = sourcecode.swift; path = PronunciationWordsDatabase.swift; sourceTree = "<group>"; };
		F14025BA2A6B71B6005BAF7D /* Singlish.app */ = {isa = PBXFileReference; explicitFileType = wrapper.application; includeInIndex = 0; path = Singlish.app; sourceTree = BUILT_PRODUCTS_DIR; };
		F14025BD2A6B71B6005BAF7D /* SinglishApp.swift */ = {isa = PBXFileReference; lastKnownFileType = sourcecode.swift; path = SinglishApp.swift; sourceTree = "<group>"; };
		F14025BF2A6B71B6005BAF7D /* ContentView.swift */ = {isa = PBXFileReference; lastKnownFileType = sourcecode.swift; path = ContentView.swift; sourceTree = "<group>"; };
		F14025C12A6B71B8005BAF7D /* Assets.xcassets */ = {isa = PBXFileReference; lastKnownFileType = folder.assetcatalog; path = Assets.xcassets; sourceTree = "<group>"; };
		F14025C42A6B71B8005BAF7D /* Preview Assets.xcassets */ = {isa = PBXFileReference; lastKnownFileType = folder.assetcatalog; path = "Preview Assets.xcassets"; sourceTree = "<group>"; };
		F14025CB2A6B7BD3005BAF7D /* AdView.swift */ = {isa = PBXFileReference; lastKnownFileType = sourcecode.swift; path = AdView.swift; sourceTree = "<group>"; };
		F19D39582A74A2540098A1AA /* Scams.swift */ = {isa = PBXFileReference; lastKnownFileType = sourcecode.swift; path = Scams.swift; sourceTree = "<group>"; };
		F1AC4AF72A6B7F130011D7B0 /* MainContentView.swift */ = {isa = PBXFileReference; lastKnownFileType = sourcecode.swift; path = MainContentView.swift; sourceTree = "<group>"; };
		F1AC4AF92A6B85420011D7B0 /* LahLehLorView.swift */ = {isa = PBXFileReference; lastKnownFileType = sourcecode.swift; path = LahLehLorView.swift; sourceTree = "<group>"; };
		F1AC4AFB2A6B8AE40011D7B0 /* BasicMalayWords.swift */ = {isa = PBXFileReference; lastKnownFileType = sourcecode.swift; path = BasicMalayWords.swift; sourceTree = "<group>"; };
/* End PBXFileReference section */

/* Begin PBXFrameworksBuildPhase section */
		F14025B72A6B71B6005BAF7D /* Frameworks */ = {
			isa = PBXFrameworksBuildPhase;
			buildActionMask = 2147483647;
			files = (
			);
			runOnlyForDeploymentPostprocessing = 0;
		};
/* End PBXFrameworksBuildPhase section */

/* Begin PBXGroup section */
		F10003052A6D038F00A80220 /* Page 1 */ = {
			isa = PBXGroup;
			children = (
				F1AC4AF92A6B85420011D7B0 /* LahLehLorView.swift */,
				F10002FF2A6CEC9A00A80220 /* LehView.swift */,
				F10003012A6CED5C00A80220 /* OtherCommonsView.swift */,
				F10002FD2A6CEBF300A80220 /* LahView.swift */,
			);
			path = "Page 1";
			sourceTree = "<group>";
		};
		F10003062A6D03BC00A80220 /* Ads */ = {
			isa = PBXGroup;
			children = (
				F14025CB2A6B7BD3005BAF7D /* AdView.swift */,
			);
			path = Ads;
			sourceTree = "<group>";
		};
		F10003072A6D03DA00A80220 /* Start */ = {
			isa = PBXGroup;
			children = (
				F14025BF2A6B71B6005BAF7D /* ContentView.swift */,
				F1AC4AF72A6B7F130011D7B0 /* MainContentView.swift */,
				F19D39582A74A2540098A1AA /* Scams.swift */,
			);
			path = Start;
			sourceTree = "<group>";
		};
		F10003082A6D03EF00A80220 /* Navigation Links */ = {
			isa = PBXGroup;
			children = (
				F10003052A6D038F00A80220 /* Page 1 */,
				F10003092A6D080600A80220 /* Page 2 */,
				F100030C2A6D106500A80220 /* Page 3 */,
				F100030F2A6D181D00A80220 /* Page 4 */,
			);
			path = "Navigation Links";
			sourceTree = "<group>";
		};
		F10003092A6D080600A80220 /* Page 2 */ = {
			isa = PBXGroup;
			children = (
				F1AC4AFB2A6B8AE40011D7B0 /* BasicMalayWords.swift */,
				F100030A2A6D086B00A80220 /* BasicMalayWordsDatabase.swift */,
			);
			path = "Page 2";
			sourceTree = "<group>";
		};
		F100030C2A6D106500A80220 /* Page 3 */ = {
			isa = PBXGroup;
			children = (
				F100030D2A6D10A300A80220 /* OmissionsView.swift */,
			);
			path = "Page 3";
			sourceTree = "<group>";
		};
		F100030F2A6D181D00A80220 /* Page 4 */ = {
			isa = PBXGroup;
			children = (
				F10003102A6D183A00A80220 /* PronunciationView.swift */,
				F10003122A6D187600A80220 /* PronunciationWordsDatabase.swift */,
			);
			path = "Page 4";
			sourceTree = "<group>";
		};
		F14025B12A6B71B6005BAF7D = {
			isa = PBXGroup;
			children = (
				F14025BC2A6B71B6005BAF7D /* Singlish */,
				F14025BB2A6B71B6005BAF7D /* Products */,
			);
			sourceTree = "<group>";
		};
		F14025BB2A6B71B6005BAF7D /* Products */ = {
			isa = PBXGroup;
			children = (
				F14025BA2A6B71B6005BAF7D /* Singlish.app */,
			);
			name = Products;
			sourceTree = "<group>";
		};
		F14025BC2A6B71B6005BAF7D /* Singlish */ = {
			isa = PBXGroup;
			children = (
				F14025BD2A6B71B6005BAF7D /* SinglishApp.swift */,
				F10003072A6D03DA00A80220 /* Start */,
				F10003082A6D03EF00A80220 /* Navigation Links */,
				F14025C12A6B71B8005BAF7D /* Assets.xcassets */,
				F10003062A6D03BC00A80220 /* Ads */,
				F14025C32A6B71B8005BAF7D /* Preview Content */,
			);
			path = Singlish;
			sourceTree = "<group>";
		};
		F14025C32A6B71B8005BAF7D /* Preview Content */ = {
			isa = PBXGroup;
			children = (
				F14025C42A6B71B8005BAF7D /* Preview Assets.xcassets */,
			);
			path = "Preview Content";
			sourceTree = "<group>";
		};
/* End PBXGroup section */

/* Begin PBXNativeTarget section */
		F14025B92A6B71B6005BAF7D /* Singlish */ = {
			isa = PBXNativeTarget;
			buildConfigurationList = F14025C82A6B71B8005BAF7D /* Build configuration list for PBXNativeTarget "Singlish" */;
			buildPhases = (
				F14025B62A6B71B6005BAF7D /* Sources */,
				F14025B72A6B71B6005BAF7D /* Frameworks */,
				F14025B82A6B71B6005BAF7D /* Resources */,
			);
			buildRules = (
			);
			dependencies = (
			);
			name = Singlish;
			productName = Singlish;
			productReference = F14025BA2A6B71B6005BAF7D /* Singlish.app */;
			productType = "com.apple.product-type.application";
		};
/* End PBXNativeTarget section */

/* Begin PBXProject section */
		F14025B22A6B71B6005BAF7D /* Project object */ = {
			isa = PBXProject;
			attributes = {
				BuildIndependentTargetsInParallel = 1;
				LastSwiftUpdateCheck = 1430;
				LastUpgradeCheck = 1430;
				TargetAttributes = {
					F14025B92A6B71B6005BAF7D = {
						CreatedOnToolsVersion = 14.3.1;
					};
				};
			};
			buildConfigurationList = F14025B52A6B71B6005BAF7D /* Build configuration list for PBXProject "Singlish" */;
			compatibilityVersion = "Xcode 14.0";
			developmentRegion = en;
			hasScannedForEncodings = 0;
			knownRegions = (
				en,
				Base,
			);
			mainGroup = F14025B12A6B71B6005BAF7D;
			productRefGroup = F14025BB2A6B71B6005BAF7D /* Products */;
			projectDirPath = "";
			projectRoot = "";
			targets = (
				F14025B92A6B71B6005BAF7D /* Singlish */,
			);
		};
/* End PBXProject section */

/* Begin PBXResourcesBuildPhase section */
		F14025B82A6B71B6005BAF7D /* Resources */ = {
			isa = PBXResourcesBuildPhase;
			buildActionMask = 2147483647;
			files = (
				F14025C52A6B71B8005BAF7D /* Preview Assets.xcassets in Resources */,
				F14025C22A6B71B8005BAF7D /* Assets.xcassets in Resources */,
			);
			runOnlyForDeploymentPostprocessing = 0;
		};
/* End PBXResourcesBuildPhase section */

/* Begin PBXSourcesBuildPhase section */
		F14025B62A6B71B6005BAF7D /* Sources */ = {
			isa = PBXSourcesBuildPhase;
			buildActionMask = 2147483647;
			files = (
				F14025CC2A6B7BD3005BAF7D /* AdView.swift in Sources */,
				F10003022A6CED5C00A80220 /* OtherCommonsView.swift in Sources */,
				F1AC4AFA2A6B85420011D7B0 /* LahLehLorView.swift in Sources */,
				F14025C02A6B71B6005BAF7D /* ContentView.swift in Sources */,
				F100030E2A6D10A300A80220 /* OmissionsView.swift in Sources */,
				F1AC4AFC2A6B8AE40011D7B0 /* BasicMalayWords.swift in Sources */,
				F10003132A6D187600A80220 /* PronunciationWordsDatabase.swift in Sources */,
				F10003002A6CEC9A00A80220 /* LehView.swift in Sources */,
				F100030B2A6D086B00A80220 /* BasicMalayWordsDatabase.swift in Sources */,
				F19D39592A74A2540098A1AA /* Scams.swift in Sources */,
				F14025BE2A6B71B6005BAF7D /* SinglishApp.swift in Sources */,
				F1AC4AF82A6B7F130011D7B0 /* MainContentView.swift in Sources */,
				F10003112A6D183A00A80220 /* PronunciationView.swift in Sources */,
				F10002FE2A6CEBF300A80220 /* LahView.swift in Sources */,
			);
			runOnlyForDeploymentPostprocessing = 0;
		};
/* End PBXSourcesBuildPhase section */

/* Begin XCBuildConfiguration section */
		F14025C62A6B71B8005BAF7D /* Debug */ = {
			isa = XCBuildConfiguration;
			buildSettings = {
				ALWAYS_SEARCH_USER_PATHS = NO;
				CLANG_ANALYZER_NONNULL = YES;
				CLANG_ANALYZER_NUMBER_OBJECT_CONVERSION = YES_AGGRESSIVE;
				CLANG_CXX_LANGUAGE_STANDARD = "gnu++20";
				CLANG_ENABLE_MODULES = YES;
				CLANG_ENABLE_OBJC_ARC = YES;
				CLANG_ENABLE_OBJC_WEAK = YES;
				CLANG_WARN_BLOCK_CAPTURE_AUTORELEASING = YES;
				CLANG_WARN_BOOL_CONVERSION = YES;
				CLANG_WARN_COMMA = YES;
				CLANG_WARN_CONSTANT_CONVERSION = YES;
				CLANG_WARN_DEPRECATED_OBJC_IMPLEMENTATIONS = YES;
				CLANG_WARN_DIRECT_OBJC_ISA_USAGE = YES_ERROR;
				CLANG_WARN_DOCUMENTATION_COMMENTS = YES;
				CLANG_WARN_EMPTY_BODY = YES;
				CLANG_WARN_ENUM_CONVERSION = YES;
				CLANG_WARN_INFINITE_RECURSION = YES;
				CLANG_WARN_INT_CONVERSION = YES;
				CLANG_WARN_NON_LITERAL_NULL_CONVERSION = YES;
				CLANG_WARN_OBJC_IMPLICIT_RETAIN_SELF = YES;
				CLANG_WARN_OBJC_LITERAL_CONVERSION = YES;
				CLANG_WARN_OBJC_ROOT_CLASS = YES_ERROR;
				CLANG_WARN_QUOTED_INCLUDE_IN_FRAMEWORK_HEADER = YES;
				CLANG_WARN_RANGE_LOOP_ANALYSIS = YES;
				CLANG_WARN_STRICT_PROTOTYPES = YES;
				CLANG_WARN_SUSPICIOUS_MOVE = YES;
				CLANG_WARN_UNGUARDED_AVAILABILITY = YES_AGGRESSIVE;
				CLANG_WARN_UNREACHABLE_CODE = YES;
				CLANG_WARN__DUPLICATE_METHOD_MATCH = YES;
				COPY_PHASE_STRIP = NO;
				DEBUG_INFORMATION_FORMAT = dwarf;
				ENABLE_STRICT_OBJC_MSGSEND = YES;
				ENABLE_TESTABILITY = YES;
				GCC_C_LANGUAGE_STANDARD = gnu11;
				GCC_DYNAMIC_NO_PIC = NO;
				GCC_NO_COMMON_BLOCKS = YES;
				GCC_OPTIMIZATION_LEVEL = 0;
				GCC_PREPROCESSOR_DEFINITIONS = (
					"DEBUG=1",
					"$(inherited)",
				);
				GCC_WARN_64_TO_32_BIT_CONVERSION = YES;
				GCC_WARN_ABOUT_RETURN_TYPE = YES_ERROR;
				GCC_WARN_UNDECLARED_SELECTOR = YES;
				GCC_WARN_UNINITIALIZED_AUTOS = YES_AGGRESSIVE;
				GCC_WARN_UNUSED_FUNCTION = YES;
				GCC_WARN_UNUSED_VARIABLE = YES;
				IPHONEOS_DEPLOYMENT_TARGET = 16.4;
				MTL_ENABLE_DEBUG_INFO = INCLUDE_SOURCE;
				MTL_FAST_MATH = YES;
				ONLY_ACTIVE_ARCH = YES;
				SDKROOT = iphoneos;
				SWIFT_ACTIVE_COMPILATION_CONDITIONS = DEBUG;
				SWIFT_OPTIMIZATION_LEVEL = "-Onone";
			};
			name = Debug;
		};
		F14025C72A6B71B8005BAF7D /* Release */ = {
			isa = XCBuildConfiguration;
			buildSettings = {
				ALWAYS_SEARCH_USER_PATHS = NO;
				CLANG_ANALYZER_NONNULL = YES;
				CLANG_ANALYZER_NUMBER_OBJECT_CONVERSION = YES_AGGRESSIVE;
				CLANG_CXX_LANGUAGE_STANDARD = "gnu++20";
				CLANG_ENABLE_MODULES = YES;
				CLANG_ENABLE_OBJC_ARC = YES;
				CLANG_ENABLE_OBJC_WEAK = YES;
				CLANG_WARN_BLOCK_CAPTURE_AUTORELEASING = YES;
				CLANG_WARN_BOOL_CONVERSION = YES;
				CLANG_WARN_COMMA = YES;
				CLANG_WARN_CONSTANT_CONVERSION = YES;
				CLANG_WARN_DEPRECATED_OBJC_IMPLEMENTATIONS = YES;
				CLANG_WARN_DIRECT_OBJC_ISA_USAGE = YES_ERROR;
				CLANG_WARN_DOCUMENTATION_COMMENTS = YES;
				CLANG_WARN_EMPTY_BODY = YES;
				CLANG_WARN_ENUM_CONVERSION = YES;
				CLANG_WARN_INFINITE_RECURSION = YES;
				CLANG_WARN_INT_CONVERSION = YES;
				CLANG_WARN_NON_LITERAL_NULL_CONVERSION = YES;
				CLANG_WARN_OBJC_IMPLICIT_RETAIN_SELF = YES;
				CLANG_WARN_OBJC_LITERAL_CONVERSION = YES;
				CLANG_WARN_OBJC_ROOT_CLASS = YES_ERROR;
				CLANG_WARN_QUOTED_INCLUDE_IN_FRAMEWORK_HEADER = YES;
				CLANG_WARN_RANGE_LOOP_ANALYSIS = YES;
				CLANG_WARN_STRICT_PROTOTYPES = YES;
				CLANG_WARN_SUSPICIOUS_MOVE = YES;
				CLANG_WARN_UNGUARDED_AVAILABILITY = YES_AGGRESSIVE;
				CLANG_WARN_UNREACHABLE_CODE = YES;
				CLANG_WARN__DUPLICATE_METHOD_MATCH = YES;
				COPY_PHASE_STRIP = NO;
				DEBUG_INFORMATION_FORMAT = "dwarf-with-dsym";
				ENABLE_NS_ASSERTIONS = NO;
				ENABLE_STRICT_OBJC_MSGSEND = YES;
				GCC_C_LANGUAGE_STANDARD = gnu11;
				GCC_NO_COMMON_BLOCKS = YES;
				GCC_WARN_64_TO_32_BIT_CONVERSION = YES;
				GCC_WARN_ABOUT_RETURN_TYPE = YES_ERROR;
				GCC_WARN_UNDECLARED_SELECTOR = YES;
				GCC_WARN_UNINITIALIZED_AUTOS = YES_AGGRESSIVE;
				GCC_WARN_UNUSED_FUNCTION = YES;
				GCC_WARN_UNUSED_VARIABLE = YES;
				IPHONEOS_DEPLOYMENT_TARGET = 16.4;
				MTL_ENABLE_DEBUG_INFO = NO;
				MTL_FAST_MATH = YES;
				SDKROOT = iphoneos;
				SWIFT_COMPILATION_MODE = wholemodule;
				SWIFT_OPTIMIZATION_LEVEL = "-O";
				VALIDATE_PRODUCT = YES;
			};
			name = Release;
		};
		F14025C92A6B71B8005BAF7D /* Debug */ = {
			isa = XCBuildConfiguration;
			buildSettings = {
				ASSETCATALOG_COMPILER_APPICON_NAME = AppIcon;
				ASSETCATALOG_COMPILER_GLOBAL_ACCENT_COLOR_NAME = AccentColor;
				CODE_SIGN_STYLE = Automatic;
				CURRENT_PROJECT_VERSION = 1;
				DEVELOPMENT_ASSET_PATHS = "\"Singlish/Preview Content\"";
				DEVELOPMENT_TEAM = 5S5Y9ZY58F;
				ENABLE_PREVIEWS = YES;
				GENERATE_INFOPLIST_FILE = YES;
				INFOPLIST_KEY_CFBundleDisplayName = "Singlish Learner";
				INFOPLIST_KEY_UIApplicationSceneManifest_Generation = YES;
				INFOPLIST_KEY_UIApplicationSupportsIndirectInputEvents = YES;
				INFOPLIST_KEY_UILaunchScreen_Generation = YES;
				INFOPLIST_KEY_UIRequiresFullScreen = NO;
				INFOPLIST_KEY_UISupportedInterfaceOrientations = UIInterfaceOrientationPortrait;
				INFOPLIST_KEY_UISupportedInterfaceOrientations_iPad = "UIInterfaceOrientationPortrait UIInterfaceOrientationPortraitUpsideDown";
				LD_RUNPATH_SEARCH_PATHS = (
					"$(inherited)",
					"@executable_path/Frameworks",
				);
				MARKETING_VERSION = 1.0;
				PRODUCT_BUNDLE_IDENTIFIER = com.conty.personalapps.Singlish;
				PRODUCT_NAME = "$(TARGET_NAME)";
				SWIFT_EMIT_LOC_STRINGS = YES;
				SWIFT_VERSION = 5.0;
				TARGETED_DEVICE_FAMILY = "1,2";
			};
			name = Debug;
		};
		F14025CA2A6B71B8005BAF7D /* Release */ = {
			isa = XCBuildConfiguration;
			buildSettings = {
				ASSETCATALOG_COMPILER_APPICON_NAME = AppIcon;
				ASSETCATALOG_COMPILER_GLOBAL_ACCENT_COLOR_NAME = AccentColor;
				CODE_SIGN_STYLE = Automatic;
				CURRENT_PROJECT_VERSION = 1;
				DEVELOPMENT_ASSET_PATHS = "\"Singlish/Preview Content\"";
				DEVELOPMENT_TEAM = 5S5Y9ZY58F;
				ENABLE_PREVIEWS = YES;
				GENERATE_INFOPLIST_FILE = YES;
				INFOPLIST_KEY_CFBundleDisplayName = "Singlish Learner";
				INFOPLIST_KEY_UIApplicationSceneManifest_Generation = YES;
				INFOPLIST_KEY_UIApplicationSupportsIndirectInputEvents = YES;
				INFOPLIST_KEY_UILaunchScreen_Generation = YES;
				INFOPLIST_KEY_UIRequiresFullScreen = NO;
				INFOPLIST_KEY_UISupportedInterfaceOrientations = UIInterfaceOrientationPortrait;
				INFOPLIST_KEY_UISupportedInterfaceOrientations_iPad = "UIInterfaceOrientationPortrait UIInterfaceOrientationPortraitUpsideDown";
				LD_RUNPATH_SEARCH_PATHS = (
					"$(inherited)",
					"@executable_path/Frameworks",
				);
				MARKETING_VERSION = 1.0;
				PRODUCT_BUNDLE_IDENTIFIER = com.conty.personalapps.Singlish;
				PRODUCT_NAME = "$(TARGET_NAME)";
				SWIFT_EMIT_LOC_STRINGS = YES;
				SWIFT_VERSION = 5.0;
				TARGETED_DEVICE_FAMILY = "1,2";
			};
			name = Release;
		};
/* End XCBuildConfiguration section */

/* Begin XCConfigurationList section */
		F14025B52A6B71B6005BAF7D /* Build configuration list for PBXProject "Singlish" */ = {
			isa = XCConfigurationList;
			buildConfigurations = (
				F14025C62A6B71B8005BAF7D /* Debug */,
				F14025C72A6B71B8005BAF7D /* Release */,
			);
			defaultConfigurationIsVisible = 0;
			defaultConfigurationName = Release;
		};
		F14025C82A6B71B8005BAF7D /* Build configuration list for PBXNativeTarget "Singlish" */ = {
			isa = XCConfigurationList;
			buildConfigurations = (
				F14025C92A6B71B8005BAF7D /* Debug */,
				F14025CA2A6B71B8005BAF7D /* Release */,
			);
			defaultConfigurationIsVisible = 0;
			defaultConfigurationName = Release;
		};
/* End XCConfigurationList section */
	};
	rootObject = F14025B22A6B71B6005BAF7D /* Project object */;
}
